lockfileVersion: '9.0'

settings:
  autoInstallPeers: true
  excludeLinksFromLockfile: false

importers:

  .:
    dependencies:
      '@duckdb/node-api':
        specifier: 1.4.1-r.4
        version: 1.4.1-r.4
      pretty-bytes:
        specifier: ^7.1.0
        version: 7.1.0

packages:

  '@duckdb/node-api@1.4.1-r.4':
    resolution: {integrity: sha512-dvlkGZBlQBKzt5CDP2lv8stppufCCxK3RWbRGBjg8KHuGxreLNIKN1uzB4p6qpJuMZsD5N8UJd0dqidoKOZ/cw==}

  '@duckdb/node-bindings-darwin-arm64@1.4.1-r.4':
    resolution: {integrity: sha512-4ZklLdqX5ZqqR0guwVj5DTTwIEL/o0aqJSWBU4loMbOSAZOLANVMG8+x9YJXI3aJjbQ+90VAzJN3ptJs3X1Ong==}
    cpu: [arm64]
    os: [darwin]

  '@duckdb/node-bindings-darwin-x64@1.4.1-r.4':
    resolution: {integrity: sha512-tSWkNzXRjndWNMWJLJzOymGc8gscG2rwYf7wDm6r+e80f0VwrjP1bcNKB/qdKdmubkz1yRU/TWoVEpaK42266A==}
    cpu: [x64]
    os: [darwin]

  '@duckdb/node-bindings-linux-arm64@1.4.1-r.4':
    resolution: {integrity: sha512-RO7M85r+bK0Cvn9lD+304gFl3V2eHK47qnmlGCu7kFPHCAowGCYosKim9ML5FslD3ZBdghGl4AdNnrtY3i3mgQ==}
    cpu: [arm64]
    os: [linux]

  '@duckdb/node-bindings-linux-x64@1.4.1-r.4':
    resolution: {integrity: sha512-jQKjaje/z35oUdYv7gvCyqZTpsgskgTyt1vyLCnGV/Kwi6UevzorvwEmpvglqxaMONvRQvoGZykfSzHc2ZlS5w==}
    cpu: [x64]
    os: [linux]

  '@duckdb/node-bindings-win32-x64@1.4.1-r.4':
    resolution: {integrity: sha512-IgwffRzZxYmsys6VD3zE3Zd6M9Ld24pNuP/h2eNQL6aY+kRa47R5ULEQ2E8BDFuB+ZIu680XQK5lNG+sW4DTNg==}
    cpu: [x64]
    os: [win32]

  '@duckdb/node-bindings@1.4.1-r.4':
    resolution: {integrity: sha512-dlVzEH1Hizi1LxxiLOs9hpBhvH7mEWQA6ayJ/6NZQbru//UdmjKg27//4+Rbbg2+dF0E9CebOefxlAkKFWi3uA==}

  pretty-bytes@7.1.0:
    resolution: {integrity: sha512-nODzvTiYVRGRqAOvE84Vk5JDPyyxsVk0/fbA/bq7RqlnhksGpset09XTxbpvLTIjoaF7K8Z8DG8yHtKGTPSYRw==}
    engines: {node: '>=20'}

snapshots:

  '@duckdb/node-api@1.4.1-r.4':
    dependencies:
      '@duckdb/node-bindings': 1.4.1-r.4

  '@duckdb/node-bindings-darwin-arm64@1.4.1-r.4':
    optional: true

  '@duckdb/node-bindings-darwin-x64@1.4.1-r.4':
    optional: true

  '@duckdb/node-bindings-linux-arm64@1.4.1-r.4':
    optional: true

  '@duckdb/node-bindings-linux-x64@1.4.1-r.4':
    optional: true

  '@duckdb/node-bindings-win32-x64@1.4.1-r.4':
    optional: true

  '@duckdb/node-bindings@1.4.1-r.4':
    optionalDependencies:
      '@duckdb/node-bindings-darwin-arm64': 1.4.1-r.4
      '@duckdb/node-bindings-darwin-x64': 1.4.1-r.4
      '@duckdb/node-bindings-linux-arm64': 1.4.1-r.4
      '@duckdb/node-bindings-linux-x64': 1.4.1-r.4
      '@duckdb/node-bindings-win32-x64': 1.4.1-r.4

  pretty-bytes@7.1.0: {}
